
Microsoft Visual Studio Solution File, Format Version 12.00
# Visual Studio Version 17
VisualStudioVersion = 17.13.35913.81 d17.13
MinimumVisualStudioVersion = 10.0.40219.1
Project("{FAE04EC0-301F-11D3-BF4B-00C04F79EFBC}") = "LeetCode_Problems", "LeetCode_Problems.csproj", "{BFB5E338-D527-42AA-9210-F511E6945A98}"
EndProject
Project("{FAE04EC0-301F-11D3-BF4B-00C04F79EFBC}") = "01_ProblemNo1342", "01_ProblemNo1342\01_ProblemNo1342.csproj", "{D6B081D2-0CF9-4015-8C0F-3F2A83366065}"
EndProject
Global
	GlobalSection(SolutionConfigurationPlatforms) = preSolution
		Debug|Any CPU = Debug|Any CPU
		Release|Any CPU = Release|Any CPU
	EndGlobalSection
	GlobalSection(ProjectConfigurationPlatforms) = postSolution
		{BFB5E338-D527-42AA-9210-F511E6945A98}.Debug|Any CPU.ActiveCfg = Debug|Any CPU
		{BFB5E338-D527-42AA-9210-F511E6945A98}.Debug|Any CPU.Build.0 = Debug|Any CPU
		{BFB5E338-D527-42AA-9210-F511E6945A98}.Release|Any CPU.ActiveCfg = Release|Any CPU
		{BFB5E338-D527-42AA-9210-F511E6945A98}.Release|Any CPU.Build.0 = Release|Any CPU
		{D6B081D2-0CF9-4015-8C0F-3F2A83366065}.Debug|Any CPU.ActiveCfg = Debug|Any CPU
		{D6B081D2-0CF9-4015-8C0F-3F2A83366065}.Debug|Any CPU.Build.0 = Debug|Any CPU
		{D6B081D2-0CF9-4015-8C0F-3F2A83366065}.Release|Any CPU.ActiveCfg = Release|Any CPU
		{D6B081D2-0CF9-4015-8C0F-3F2A83366065}.Release|Any CPU.Build.0 = Release|Any CPU
	EndGlobalSection
	GlobalSection(SolutionProperties) = preSolution
		HideSolutionNode = FALSE
	EndGlobalSection
	GlobalSection(ExtensibilityGlobals) = postSolution
		SolutionGuid = {DBB894BC-3FA3-4ADB-BE88-1EC2F87E46F2}
	EndGlobalSection
EndGlobal
